{
    "version": 3,
    "terraform_version": "0.11.1",
    "serial": 2,
    "lineage": "312ac485-50d9-4e90-b2ed-c45e7ce6e866",
    "modules": [
        {
            "path": [
                "root"
            ],
            "outputs": {
                "AppAD1PublicPrivateIP": {
                    "sensitive": false,
                    "type": "list",
                    "value": [
                        "129.213.84.192",
                        "10.0.0.2"
                    ]
                }
            },
            "resources": {
                "data.oci_core_vnic.AppAD1Vnic": {
                    "type": "oci_core_vnic",
                    "depends_on": [
                        "data.oci_core_vnic_attachments.AppAD1Vnics"
                    ],
                    "primary": {
                        "id": "ocid1.vnic.oc1.iad.abuwcljraof4nve7qchbikjc4thxh2pfun7ihw3ypndnczv6csyavs45fbmq",
                        "attributes": {
                            "availability_domain": "yDZq:US-ASHBURN-AD-1",
                            "compartment_id": "ocid1.compartment.oc1..aaaaaaaajepbwnvdhise6mblvjj3zicvj77yir77xibrfcwtg3asnavcc7pa",
                            "display_name": "AppAD1",
                            "hostname_label": "appad1",
                            "id": "ocid1.vnic.oc1.iad.abuwcljraof4nve7qchbikjc4thxh2pfun7ihw3ypndnczv6csyavs45fbmq",
                            "is_primary": "true",
                            "mac_address": "02:00:17:00:29:1A",
                            "private_ip_address": "10.0.0.2",
                            "public_ip_address": "129.213.84.192",
                            "skip_source_dest_check": "false",
                            "state": "AVAILABLE",
                            "subnet_id": "ocid1.subnet.oc1.iad.aaaaaaaaabvsqpwynndhy6yk2llvybyay5vanjyqifoo4rvwmzv5i2wpyomq",
                            "time_created": "2018-04-28 03:54:54.207 +0000 UTC",
                            "vnic_id": "ocid1.vnic.oc1.iad.abuwcljraof4nve7qchbikjc4thxh2pfun7ihw3ypndnczv6csyavs45fbmq"
                        },
                        "meta": {},
                        "tainted": false
                    },
                    "deposed": [],
                    "provider": "provider.oci"
                },
                "data.oci_core_vnic_attachments.AppAD1Vnics": {
                    "type": "oci_core_vnic_attachments",
                    "depends_on": [
                        "data.oci_identity_availability_domains.ADs",
                        "oci_core_instance.AppAD1"
                    ],
                    "primary": {
                        "id": "2018-04-28 03:55:33.786053 +0000 UTC",
                        "attributes": {
                            "availability_domain": "yDZq:US-ASHBURN-AD-1",
                            "compartment_id": "ocid1.compartment.oc1..aaaaaaaajepbwnvdhise6mblvjj3zicvj77yir77xibrfcwtg3asnavcc7pa",
                            "id": "2018-04-28 03:55:33.786053 +0000 UTC",
                            "instance_id": "ocid1.instance.oc1.iad.abuwcljrm5i45k4qffgr3zm7b6trt4f6grmex6tdztubpsb5fagmyviqksda",
                            "vnic_attachments.#": "1",
                            "vnic_attachments.0.availability_domain": "yDZq:US-ASHBURN-AD-1",
                            "vnic_attachments.0.compartment_id": "ocid1.compartment.oc1..aaaaaaaajepbwnvdhise6mblvjj3zicvj77yir77xibrfcwtg3asnavcc7pa",
                            "vnic_attachments.0.create_vnic_details.#": "0",
                            "vnic_attachments.0.display_name": "",
                            "vnic_attachments.0.id": "ocid1.vnicattachment.oc1.iad.abuwcljrzypsvh2xuvio4l4vdedq25o7pzuywtgwcr5llen4uhnsvznblmjq",
                            "vnic_attachments.0.instance_id": "ocid1.instance.oc1.iad.abuwcljrm5i45k4qffgr3zm7b6trt4f6grmex6tdztubpsb5fagmyviqksda",
                            "vnic_attachments.0.nic_index": "0",
                            "vnic_attachments.0.state": "ATTACHED",
                            "vnic_attachments.0.subnet_id": "ocid1.subnet.oc1.iad.aaaaaaaaabvsqpwynndhy6yk2llvybyay5vanjyqifoo4rvwmzv5i2wpyomq",
                            "vnic_attachments.0.time_created": "2018-04-28 03:54:54.759 +0000 UTC",
                            "vnic_attachments.0.vlan_tag": "350",
                            "vnic_attachments.0.vnic_id": "ocid1.vnic.oc1.iad.abuwcljraof4nve7qchbikjc4thxh2pfun7ihw3ypndnczv6csyavs45fbmq"
                        },
                        "meta": {},
                        "tainted": false
                    },
                    "deposed": [],
                    "provider": "provider.oci"
                },
                "data.oci_identity_availability_domains.ADs": {
                    "type": "oci_identity_availability_domains",
                    "depends_on": [],
                    "primary": {
                        "id": "2018-04-28 03:54:35.7556841 +0000 UTC",
                        "attributes": {
                            "availability_domains.#": "3",
                            "availability_domains.0.compartment_id": "ocid1.tenancy.oc1..aaaaaaaasvfalhy6kqzeduyqjia5fasjfqtligqrfdo27tfejilfy26nefja",
                            "availability_domains.0.name": "yDZq:US-ASHBURN-AD-1",
                            "availability_domains.1.compartment_id": "ocid1.tenancy.oc1..aaaaaaaasvfalhy6kqzeduyqjia5fasjfqtligqrfdo27tfejilfy26nefja",
                            "availability_domains.1.name": "yDZq:US-ASHBURN-AD-2",
                            "availability_domains.2.compartment_id": "ocid1.tenancy.oc1..aaaaaaaasvfalhy6kqzeduyqjia5fasjfqtligqrfdo27tfejilfy26nefja",
                            "availability_domains.2.name": "yDZq:US-ASHBURN-AD-3",
                            "compartment_id": "ocid1.tenancy.oc1..aaaaaaaasvfalhy6kqzeduyqjia5fasjfqtligqrfdo27tfejilfy26nefja",
                            "id": "2018-04-28 03:54:35.7556841 +0000 UTC"
                        },
                        "meta": {},
                        "tainted": false
                    },
                    "deposed": [],
                    "provider": "provider.oci"
                },
                "oci_core_instance.AppAD1": {
                    "type": "oci_core_instance",
                    "depends_on": [
                        "data.oci_identity_availability_domains.ADs",
                        "oci_core_subnet.PublicSubnetAD1"
                    ],
                    "primary": {
                        "id": "ocid1.instance.oc1.iad.abuwcljrm5i45k4qffgr3zm7b6trt4f6grmex6tdztubpsb5fagmyviqksda",
                        "attributes": {
                            "availability_domain": "yDZq:US-ASHBURN-AD-1",
                            "boot_volume_id": "ocid1.bootvolume.oc1.iad.abuwcljr5p6tq2mqgvtulzfcrwzemmtx3ycpuay7h7j2atxfgloifigiurjq",
                            "compartment_id": "ocid1.compartment.oc1..aaaaaaaajepbwnvdhise6mblvjj3zicvj77yir77xibrfcwtg3asnavcc7pa",
                            "create_vnic_details.#": "1",
                            "create_vnic_details.0.assign_public_ip": "true",
                            "create_vnic_details.0.display_name": "AppAD1",
                            "create_vnic_details.0.hostname_label": "appad1",
                            "create_vnic_details.0.private_ip": "10.0.0.2",
                            "create_vnic_details.0.skip_source_dest_check": "false",
                            "create_vnic_details.0.subnet_id": "ocid1.subnet.oc1.iad.aaaaaaaaabvsqpwynndhy6yk2llvybyay5vanjyqifoo4rvwmzv5i2wpyomq",
                            "display_name": "AppAD1",
                            "hostname_label": "appad1",
                            "id": "ocid1.instance.oc1.iad.abuwcljrm5i45k4qffgr3zm7b6trt4f6grmex6tdztubpsb5fagmyviqksda",
                            "image": "ocid1.image.oc1.iad.aaaaaaaaxrqeombwty6jyqgk3fraczdd63bv66xgfsqka4ktr7c57awr3p5a",
                            "metadata.%": "2",
                            "metadata.ssh_authorized_keys": "ssh-rsa AAAAB3NzaC1yc2EAAAADAQABAAABAQC3Oy4FV4prkYR7A/wnsl1WvcDcskbJGsTk+UHPG5hqcpKPfmxAwOMpqzgsDZBBz8S87weFzXphBcnr1nE4UpIS+nlkKnOlLmpwH+OWriMAce2o2SGEm2dwOjvr9+JeWz/r3+QInfaTONmkIifjTCAdPFl1Fo3VnTaMoLV5spdX+K/6/7euwDcBN56E4uOUeoU+4V3JSAcNkZKHXqQnpHTAcu5931ZJRkS8yzlGJoFFUJkj6k/jttYpupWgDkt2BO39hseqGmWRVbcjjfmgE9prI42RK4jOhbLIQS/TlfiwrATwaShRW2jHs2mWqmFkJBqkQUOu8GOfsgjAGwJIC0tr imported-openssh-key",
                            "metadata.user_data": "IyEvYmluL2Jhc2gKeXVtIHVwZGF0ZSAteQpjdXJsIC1zTCBodHRwczovL2RlYi5ub2Rlc291cmNlLmNvbS9zZXR1cF84LnggfCBzdWRvIC1FIGJhc2ggLQpzdWRvIGFwdC1nZXQgaW5zdGFsbCAteSBub2RlanM=",
                            "private_ip": "10.0.0.2",
                            "public_ip": "129.213.84.192",
                            "region": "iad",
                            "shape": "VM.Standard1.1",
                            "source_details.#": "1",
                            "source_details.0.source_id": "ocid1.image.oc1.iad.aaaaaaaaxrqeombwty6jyqgk3fraczdd63bv66xgfsqka4ktr7c57awr3p5a",
                            "source_details.0.source_type": "image",
                            "state": "RUNNING",
                            "subnet_id": "ocid1.subnet.oc1.iad.aaaaaaaaabvsqpwynndhy6yk2llvybyay5vanjyqifoo4rvwmzv5i2wpyomq",
                            "time_created": "2018-04-28 03:54:47.775 +0000 UTC"
                        },
                        "meta": {
                            "e2bfb730-ecaa-11e6-8f88-34363bc7c4c0": {
                                "create": 7200000000000,
                                "delete": 7200000000000,
                                "update": 7200000000000
                            }
                        },
                        "tainted": false
                    },
                    "deposed": [],
                    "provider": "provider.oci"
                },
                "oci_core_internet_gateway.multi_tier": {
                    "type": "oci_core_internet_gateway",
                    "depends_on": [
                        "oci_core_virtual_network.multi_tier"
                    ],
                    "primary": {
                        "id": "ocid1.internetgateway.oc1.iad.aaaaaaaaxcw6qsox6kwilkwtcxh3is24kevszlfhc425a3puvf4climmuyvq",
                        "attributes": {
                            "compartment_id": "ocid1.compartment.oc1..aaaaaaaajepbwnvdhise6mblvjj3zicvj77yir77xibrfcwtg3asnavcc7pa",
                            "display_name": "multi_tier",
                            "enabled": "true",
                            "id": "ocid1.internetgateway.oc1.iad.aaaaaaaaxcw6qsox6kwilkwtcxh3is24kevszlfhc425a3puvf4climmuyvq",
                            "state": "AVAILABLE",
                            "time_created": "2018-04-28 03:54:41.864 +0000 UTC",
                            "vcn_id": "ocid1.vcn.oc1.iad.aaaaaaaald5tg4p4llanfejxqaiicqgzxj2iwtq2ls5ramnxxstiwajhx75q"
                        },
                        "meta": {
                            "e2bfb730-ecaa-11e6-8f88-34363bc7c4c0": {
                                "create": 300000000000,
                                "delete": 300000000000,
                                "update": 300000000000
                            }
                        },
                        "tainted": false
                    },
                    "deposed": [],
                    "provider": "provider.oci"
                },
                "oci_core_route_table.multi_tier": {
                    "type": "oci_core_route_table",
                    "depends_on": [
                        "oci_core_internet_gateway.multi_tier",
                        "oci_core_virtual_network.multi_tier"
                    ],
                    "primary": {
                        "id": "ocid1.routetable.oc1.iad.aaaaaaaa2wfcrdfcp7mnfdxe7ucxhtymxxqw7h2e56hcjdfj5wgppaidnqrq",
                        "attributes": {
                            "compartment_id": "ocid1.compartment.oc1..aaaaaaaajepbwnvdhise6mblvjj3zicvj77yir77xibrfcwtg3asnavcc7pa",
                            "display_name": "multi_tier",
                            "id": "ocid1.routetable.oc1.iad.aaaaaaaa2wfcrdfcp7mnfdxe7ucxhtymxxqw7h2e56hcjdfj5wgppaidnqrq",
                            "route_rules.#": "1",
                            "route_rules.0.cidr_block": "0.0.0.0/0",
                            "route_rules.0.network_entity_id": "ocid1.internetgateway.oc1.iad.aaaaaaaaxcw6qsox6kwilkwtcxh3is24kevszlfhc425a3puvf4climmuyvq",
                            "state": "AVAILABLE",
                            "time_created": "2018-04-28 03:54:43.107 +0000 UTC",
                            "vcn_id": "ocid1.vcn.oc1.iad.aaaaaaaald5tg4p4llanfejxqaiicqgzxj2iwtq2ls5ramnxxstiwajhx75q"
                        },
                        "meta": {
                            "e2bfb730-ecaa-11e6-8f88-34363bc7c4c0": {
                                "create": 300000000000,
                                "delete": 300000000000,
                                "update": 300000000000
                            }
                        },
                        "tainted": false
                    },
                    "deposed": [],
                    "provider": "provider.oci"
                },
                "oci_core_security_list.PublicSubnet": {
                    "type": "oci_core_security_list",
                    "depends_on": [
                        "oci_core_virtual_network.multi_tier"
                    ],
                    "primary": {
                        "id": "ocid1.securitylist.oc1.iad.aaaaaaaasphyx3yfke56ocbkje7h3mofqojraxuuyhnhlvtcrphhk2cuilza",
                        "attributes": {
                            "compartment_id": "ocid1.compartment.oc1..aaaaaaaajepbwnvdhise6mblvjj3zicvj77yir77xibrfcwtg3asnavcc7pa",
                            "display_name": "Public",
                            "egress_security_rules.#": "1",
                            "egress_security_rules.0.destination": "10.0.0.0/25",
                            "egress_security_rules.0.icmp_options.#": "0",
                            "egress_security_rules.0.protocol": "6",
                            "egress_security_rules.0.stateless": "false",
                            "egress_security_rules.0.tcp_options.#": "1",
                            "egress_security_rules.0.tcp_options.0.max": "27017",
                            "egress_security_rules.0.tcp_options.0.min": "27017",
                            "egress_security_rules.0.tcp_options.0.source_port_range.#": "0",
                            "egress_security_rules.0.udp_options.#": "0",
                            "id": "ocid1.securitylist.oc1.iad.aaaaaaaasphyx3yfke56ocbkje7h3mofqojraxuuyhnhlvtcrphhk2cuilza",
                            "ingress_security_rules.#": "3",
                            "ingress_security_rules.0.icmp_options.#": "0",
                            "ingress_security_rules.0.protocol": "6",
                            "ingress_security_rules.0.source": "0.0.0.0/0",
                            "ingress_security_rules.0.stateless": "false",
                            "ingress_security_rules.0.tcp_options.#": "1",
                            "ingress_security_rules.0.tcp_options.0.max": "80",
                            "ingress_security_rules.0.tcp_options.0.min": "80",
                            "ingress_security_rules.0.tcp_options.0.source_port_range.#": "0",
                            "ingress_security_rules.0.udp_options.#": "0",
                            "ingress_security_rules.1.icmp_options.#": "0",
                            "ingress_security_rules.1.protocol": "6",
                            "ingress_security_rules.1.source": "0.0.0.0/0",
                            "ingress_security_rules.1.stateless": "false",
                            "ingress_security_rules.1.tcp_options.#": "1",
                            "ingress_security_rules.1.tcp_options.0.max": "22",
                            "ingress_security_rules.1.tcp_options.0.min": "22",
                            "ingress_security_rules.1.tcp_options.0.source_port_range.#": "0",
                            "ingress_security_rules.1.udp_options.#": "0",
                            "ingress_security_rules.2.icmp_options.#": "1",
                            "ingress_security_rules.2.icmp_options.0.code": "-1",
                            "ingress_security_rules.2.icmp_options.0.type": "4",
                            "ingress_security_rules.2.protocol": "1",
                            "ingress_security_rules.2.source": "0.0.0.0/0",
                            "ingress_security_rules.2.stateless": "true",
                            "ingress_security_rules.2.tcp_options.#": "0",
                            "ingress_security_rules.2.udp_options.#": "0",
                            "state": "AVAILABLE",
                            "time_created": "2018-04-28 03:54:43.126 +0000 UTC",
                            "vcn_id": "ocid1.vcn.oc1.iad.aaaaaaaald5tg4p4llanfejxqaiicqgzxj2iwtq2ls5ramnxxstiwajhx75q"
                        },
                        "meta": {
                            "e2bfb730-ecaa-11e6-8f88-34363bc7c4c0": {
                                "create": 300000000000,
                                "delete": 300000000000,
                                "update": 300000000000
                            }
                        },
                        "tainted": false
                    },
                    "deposed": [],
                    "provider": "provider.oci"
                },
                "oci_core_subnet.PublicSubnetAD1": {
                    "type": "oci_core_subnet",
                    "depends_on": [
                        "data.oci_identity_availability_domains.ADs",
                        "oci_core_route_table.multi_tier",
                        "oci_core_security_list.PublicSubnet",
                        "oci_core_virtual_network.multi_tier"
                    ],
                    "primary": {
                        "id": "ocid1.subnet.oc1.iad.aaaaaaaaabvsqpwynndhy6yk2llvybyay5vanjyqifoo4rvwmzv5i2wpyomq",
                        "attributes": {
                            "availability_domain": "yDZq:US-ASHBURN-AD-1",
                            "cidr_block": "10.0.0.0/28",
                            "compartment_id": "ocid1.compartment.oc1..aaaaaaaajepbwnvdhise6mblvjj3zicvj77yir77xibrfcwtg3asnavcc7pa",
                            "dhcp_options_id": "ocid1.dhcpoptions.oc1.iad.aaaaaaaa66ls6qqr6knennxptnsahzwuu4e574gbykvhletdztdvbmm6lggq",
                            "display_name": "PublicSubnetAD1",
                            "dns_label": "publicad1",
                            "id": "ocid1.subnet.oc1.iad.aaaaaaaaabvsqpwynndhy6yk2llvybyay5vanjyqifoo4rvwmzv5i2wpyomq",
                            "prohibit_public_ip_on_vnic": "false",
                            "route_table_id": "ocid1.routetable.oc1.iad.aaaaaaaa2wfcrdfcp7mnfdxe7ucxhtymxxqw7h2e56hcjdfj5wgppaidnqrq",
                            "security_list_ids.#": "1",
                            "security_list_ids.2084211307": "ocid1.securitylist.oc1.iad.aaaaaaaasphyx3yfke56ocbkje7h3mofqojraxuuyhnhlvtcrphhk2cuilza",
                            "state": "AVAILABLE",
                            "subnet_domain_name": "publicad1.demo.oraclevcn.com",
                            "time_created": "2018-04-28 03:54:43.814 +0000 UTC",
                            "vcn_id": "ocid1.vcn.oc1.iad.aaaaaaaald5tg4p4llanfejxqaiicqgzxj2iwtq2ls5ramnxxstiwajhx75q",
                            "virtual_router_ip": "10.0.0.1",
                            "virtual_router_mac": "00:00:17:B9:68:66"
                        },
                        "meta": {
                            "e2bfb730-ecaa-11e6-8f88-34363bc7c4c0": {
                                "create": 300000000000,
                                "delete": 300000000000,
                                "update": 300000000000
                            }
                        },
                        "tainted": false
                    },
                    "deposed": [],
                    "provider": "provider.oci"
                },
                "oci_core_virtual_network.multi_tier": {
                    "type": "oci_core_virtual_network",
                    "depends_on": [],
                    "primary": {
                        "id": "ocid1.vcn.oc1.iad.aaaaaaaald5tg4p4llanfejxqaiicqgzxj2iwtq2ls5ramnxxstiwajhx75q",
                        "attributes": {
                            "cidr_block": "10.0.0.0/25",
                            "compartment_id": "ocid1.compartment.oc1..aaaaaaaajepbwnvdhise6mblvjj3zicvj77yir77xibrfcwtg3asnavcc7pa",
                            "default_dhcp_options_id": "ocid1.dhcpoptions.oc1.iad.aaaaaaaa66ls6qqr6knennxptnsahzwuu4e574gbykvhletdztdvbmm6lggq",
                            "default_route_table_id": "ocid1.routetable.oc1.iad.aaaaaaaara43rox2cisfsdd47pd5we42ymrhdbm5322ezjdytqpv4krlii5a",
                            "default_security_list_id": "ocid1.securitylist.oc1.iad.aaaaaaaaf6hoq7dhiyubrqxwmdjrlboisdsnpmkwwpwneotg6dhc43bwvagq",
                            "display_name": "multi_tier",
                            "dns_label": "demo",
                            "id": "ocid1.vcn.oc1.iad.aaaaaaaald5tg4p4llanfejxqaiicqgzxj2iwtq2ls5ramnxxstiwajhx75q",
                            "state": "AVAILABLE",
                            "time_created": "2018-04-28 03:54:41.116 +0000 UTC",
                            "vcn_domain_name": "demo.oraclevcn.com"
                        },
                        "meta": {
                            "e2bfb730-ecaa-11e6-8f88-34363bc7c4c0": {
                                "create": 300000000000,
                                "delete": 300000000000,
                                "update": 300000000000
                            }
                        },
                        "tainted": false
                    },
                    "deposed": [],
                    "provider": "provider.oci"
                }
            },
            "depends_on": []
        }
    ]
}
